{
  "name": "discogs-dataset-genres-styles",
  "version": "1.7.0",
  "lockfileVersion": 3,
  "requires": true,
  "packages": {
    "": {
      "name": "discogs-dataset-genres-styles",
      "version": "1.7.0",
      "license": "MIT",
      "devDependencies": {}
    }
  },
  "dependencies": {},
  "devDependencies": {}
}
